
SPEC CHECKSUMS: 
  Reachability: 1c8584c5f26fa776695efef95caaa50402c94cfb
  GData/XMLNode: d1dc33624d13149423a943159d82b8e6e97bfc01
  GData/Core: d1dc33624d13149423a943159d82b8e6e97bfc01
  GData: d1dc33624d13149423a943159d82b8e6e97bfc01
  GData/YouTube: d1dc33624d13149423a943159d82b8e6e97bfc01

COCOAPODS: 0.15.2

PODS: 
- GData (1.9.1): 
  - GData/Core (= 1.9.1)
  - GData/XMLNode (= 1.9.1)
  - GData/YouTube (= 1.9.1)
- GData/Core (1.9.1)
- GData/XMLNode (1.9.1)
- GData/YouTube (1.9.1): 
  - GData/Core
- Reachability (3.1.0)

DEPENDENCIES: 
- GData (~> 1.9.1)
- Reachability (~> 3.1.0)
