// !$*UTF8*$!
{
	archiveVersion = 1;
	classes = {
	};
	objectVersion = 46;
	objects = {

/* Begin PBXBuildFile section */
		F32D01AA16A445FA004FC57C /* UDAuthToken.m in Sources */ = {isa = PBXBuildFile; fileRef = F32D018716A445FA004FC57C /* UDAuthToken.m */; };
		F32D01AB16A445FA004FC57C /* UDAuthTokenRetrieverAbstract.m in Sources */ = {isa = PBXBuildFile; fileRef = F32D018B16A445FA004FC57C /* UDAuthTokenRetrieverAbstract.m */; };
		F32D01AC16A445FA004FC57C /* UDPushAuthActivationCode.m in Sources */ = {isa = PBXBuildFile; fileRef = F32D019116A445FA004FC57C /* UDPushAuthActivationCode.m */; };
		F32D01AD16A445FA004FC57C /* UDPushAuthClientSecret.m in Sources */ = {isa = PBXBuildFile; fileRef = F32D019316A445FA004FC57C /* UDPushAuthClientSecret.m */; };
		F32D01AE16A445FA004FC57C /* UDPushAuthCodeRetrieverAbstract.m in Sources */ = {isa = PBXBuildFile; fileRef = F32D019516A445FA004FC57C /* UDPushAuthCodeRetrieverAbstract.m */; };
		F32D01AF16A445FA004FC57C /* UDPushNotificationCenter.m in Sources */ = {isa = PBXBuildFile; fileRef = F32D019B16A445FA004FC57C /* UDPushNotificationCenter.m */; };
		F32D01B016A445FA004FC57C /* UDPushNotificationCenterAbstract.m in Sources */ = {isa = PBXBuildFile; fileRef = F32D019D16A445FA004FC57C /* UDPushNotificationCenterAbstract.m */; };
		F32D01B116A445FA004FC57C /* UDPushNotificationProcessorAbstract.m in Sources */ = {isa = PBXBuildFile; fileRef = F32D01A016A445FA004FC57C /* UDPushNotificationProcessorAbstract.m */; };
		F32D01B216A445FA004FC57C /* UDPushObject.m in Sources */ = {isa = PBXBuildFile; fileRef = F32D01A216A445FA004FC57C /* UDPushObject.m */; };
		F32D01C116A4462B004FC57C /* UDAuthTokenRetriever.m in Sources */ = {isa = PBXBuildFile; fileRef = F32D01B316A4462B004FC57C /* UDAuthTokenRetriever.m */; };
		F32D01C216A4462B004FC57C /* UDOAuthBasicAbstract.m in Sources */ = {isa = PBXBuildFile; fileRef = F32D01B416A4462B004FC57C /* UDOAuthBasicAbstract.m */; };
		F32D01C316A4462B004FC57C /* UDPushAuthCodeRetriever.m in Sources */ = {isa = PBXBuildFile; fileRef = F32D01B816A4462B004FC57C /* UDPushAuthCodeRetriever.m */; };
		F32D01C416A4462B004FC57C /* UDPushAuthRequestBasic.m in Sources */ = {isa = PBXBuildFile; fileRef = F32D01BA16A4462B004FC57C /* UDPushAuthRequestBasic.m */; };
		F32D01C516A4462B004FC57C /* UDPushAuthStorageBasic.m in Sources */ = {isa = PBXBuildFile; fileRef = F32D01BC16A4462B004FC57C /* UDPushAuthStorageBasic.m */; };
		F32D01C616A4462B004FC57C /* UDPushNotificationProcessor.m in Sources */ = {isa = PBXBuildFile; fileRef = F32D01BE16A4462B004FC57C /* UDPushNotificationProcessor.m */; };
		F32D01C716A4462B004FC57C /* UDPushNotificationProcessorBasic.m in Sources */ = {isa = PBXBuildFile; fileRef = F32D01C016A4462B004FC57C /* UDPushNotificationProcessorBasic.m */; };
		F358686516AEB6C300C1FB81 /* UDOAuthBasic.m in Sources */ = {isa = PBXBuildFile; fileRef = F358686416AEB6C000C1FB81 /* UDOAuthBasic.m */; };
		F35BB0721642A205003682FA /* UIKit.framework in Frameworks */ = {isa = PBXBuildFile; fileRef = F35BB0711642A205003682FA /* UIKit.framework */; };
		F35BB0741642A205003682FA /* Foundation.framework in Frameworks */ = {isa = PBXBuildFile; fileRef = F35BB0731642A205003682FA /* Foundation.framework */; };
		F35BB0761642A205003682FA /* CoreGraphics.framework in Frameworks */ = {isa = PBXBuildFile; fileRef = F35BB0751642A205003682FA /* CoreGraphics.framework */; };
		F35BB07C1642A205003682FA /* InfoPlist.strings in Resources */ = {isa = PBXBuildFile; fileRef = F35BB07A1642A205003682FA /* InfoPlist.strings */; };
		F35BB07E1642A205003682FA /* main.m in Sources */ = {isa = PBXBuildFile; fileRef = F35BB07D1642A205003682FA /* main.m */; };
		F35BB0821642A205003682FA /* UDAppDelegate.m in Sources */ = {isa = PBXBuildFile; fileRef = F35BB0811642A205003682FA /* UDAppDelegate.m */; };
		F35BB0841642A205003682FA /* Default.png in Resources */ = {isa = PBXBuildFile; fileRef = F35BB0831642A205003682FA /* Default.png */; };
		F35BB0861642A205003682FA /* Default@2x.png in Resources */ = {isa = PBXBuildFile; fileRef = F35BB0851642A205003682FA /* Default@2x.png */; };
		F35BB0881642A205003682FA /* Default-568h@2x.png in Resources */ = {isa = PBXBuildFile; fileRef = F35BB0871642A205003682FA /* Default-568h@2x.png */; };
		F35BB08B1642A205003682FA /* MainStoryboard_iPhone.storyboard in Resources */ = {isa = PBXBuildFile; fileRef = F35BB0891642A205003682FA /* MainStoryboard_iPhone.storyboard */; };
		F35BB08E1642A205003682FA /* MainStoryboard_iPad.storyboard in Resources */ = {isa = PBXBuildFile; fileRef = F35BB08C1642A205003682FA /* MainStoryboard_iPad.storyboard */; };
		F35BB0911642A206003682FA /* UDViewController.m in Sources */ = {isa = PBXBuildFile; fileRef = F35BB0901642A206003682FA /* UDViewController.m */; };
		F35BB0991642A206003682FA /* SenTestingKit.framework in Frameworks */ = {isa = PBXBuildFile; fileRef = F35BB0981642A206003682FA /* SenTestingKit.framework */; };
		F35BB09A1642A206003682FA /* UIKit.framework in Frameworks */ = {isa = PBXBuildFile; fileRef = F35BB0711642A205003682FA /* UIKit.framework */; };
		F35BB09B1642A206003682FA /* Foundation.framework in Frameworks */ = {isa = PBXBuildFile; fileRef = F35BB0731642A205003682FA /* Foundation.framework */; };
		F35BB0A31642A206003682FA /* InfoPlist.strings in Resources */ = {isa = PBXBuildFile; fileRef = F35BB0A11642A206003682FA /* InfoPlist.strings */; };
		F35BB0A61642A206003682FA /* pushauthTests.m in Sources */ = {isa = PBXBuildFile; fileRef = F35BB0A51642A206003682FA /* pushauthTests.m */; };
		F3B0E3D2165CE9290092DE27 /* SystemConfiguration.framework in Frameworks */ = {isa = PBXBuildFile; fileRef = F3B0E3D1165CE9290092DE27 /* SystemConfiguration.framework */; };
		F7C4871A80154E3B90A5DBFD /* libPods.a in Frameworks */ = {isa = PBXBuildFile; fileRef = 4894D763CB404226A721A16B /* libPods.a */; };
/* End PBXBuildFile section */

/* Begin PBXContainerItemProxy section */
		F35BB09C1642A206003682FA /* PBXContainerItemProxy */ = {
			isa = PBXContainerItemProxy;
			containerPortal = F35BB0641642A205003682FA /* Project object */;
			proxyType = 1;
			remoteGlobalIDString = F35BB06C1642A205003682FA;
			remoteInfo = pushauth;
		};
/* End PBXContainerItemProxy section */

/* Begin PBXFileReference section */
		226D4B047B5845D0BD593C04 /* Pods.xcconfig */ = {isa = PBXFileReference; includeInIndex = 1; lastKnownFileType = text.xcconfig; name = Pods.xcconfig; path = Pods/Pods.xcconfig; sourceTree = SOURCE_ROOT; };
		4894D763CB404226A721A16B /* libPods.a */ = {isa = PBXFileReference; explicitFileType = archive.ar; includeInIndex = 0; path = libPods.a; sourceTree = BUILT_PRODUCTS_DIR; };
		F32D018616A445FA004FC57C /* UDAuthToken.h */ = {isa = PBXFileReference; fileEncoding = 4; lastKnownFileType = sourcecode.c.h; path = UDAuthToken.h; sourceTree = "<group>"; };
		F32D018716A445FA004FC57C /* UDAuthToken.m */ = {isa = PBXFileReference; fileEncoding = 4; lastKnownFileType = sourcecode.c.objc; path = UDAuthToken.m; sourceTree = "<group>"; };
		F32D018816A445FA004FC57C /* UDAuthTokenProcessable.h */ = {isa = PBXFileReference; fileEncoding = 4; lastKnownFileType = sourcecode.c.h; path = UDAuthTokenProcessable.h; sourceTree = "<group>"; };
		F32D018916A445FA004FC57C /* UDAuthTokenRetrievable.h */ = {isa = PBXFileReference; fileEncoding = 4; lastKnownFileType = sourcecode.c.h; path = UDAuthTokenRetrievable.h; sourceTree = "<group>"; };
		F32D018A16A445FA004FC57C /* UDAuthTokenRetrieverAbstract.h */ = {isa = PBXFileReference; fileEncoding = 4; lastKnownFileType = sourcecode.c.h; path = UDAuthTokenRetrieverAbstract.h; sourceTree = "<group>"; };
		F32D018B16A445FA004FC57C /* UDAuthTokenRetrieverAbstract.m */ = {isa = PBXFileReference; fileEncoding = 4; lastKnownFileType = sourcecode.c.objc; path = UDAuthTokenRetrieverAbstract.m; sourceTree = "<group>"; };
		F32D018C16A445FA004FC57C /* UDTokenRetrieverDelegate.h */ = {isa = PBXFileReference; fileEncoding = 4; lastKnownFileType = sourcecode.c.h; path = UDTokenRetrieverDelegate.h; sourceTree = "<group>"; };
		F32D018E16A445FA004FC57C /* UDAuthCodeRetrieverableProtocol.h */ = {isa = PBXFileReference; fileEncoding = 4; lastKnownFileType = sourcecode.c.h; path = UDAuthCodeRetrieverableProtocol.h; sourceTree = "<group>"; };
		F32D018F16A445FA004FC57C /* UDAuthCodeRetrieverDelegate.h */ = {isa = PBXFileReference; fileEncoding = 4; lastKnownFileType = sourcecode.c.h; path = UDAuthCodeRetrieverDelegate.h; sourceTree = "<group>"; };
		F32D019016A445FA004FC57C /* UDPushAuthActivationCode.h */ = {isa = PBXFileReference; fileEncoding = 4; lastKnownFileType = sourcecode.c.h; path = UDPushAuthActivationCode.h; sourceTree = "<group>"; };
		F32D019116A445FA004FC57C /* UDPushAuthActivationCode.m */ = {isa = PBXFileReference; fileEncoding = 4; lastKnownFileType = sourcecode.c.objc; path = UDPushAuthActivationCode.m; sourceTree = "<group>"; };
		F32D019216A445FA004FC57C /* UDPushAuthClientSecret.h */ = {isa = PBXFileReference; fileEncoding = 4; lastKnownFileType = sourcecode.c.h; path = UDPushAuthClientSecret.h; sourceTree = "<group>"; };
		F32D019316A445FA004FC57C /* UDPushAuthClientSecret.m */ = {isa = PBXFileReference; fileEncoding = 4; lastKnownFileType = sourcecode.c.objc; path = UDPushAuthClientSecret.m; sourceTree = "<group>"; };
		F32D019416A445FA004FC57C /* UDPushAuthCodeRetrieverAbstract.h */ = {isa = PBXFileReference; fileEncoding = 4; lastKnownFileType = sourcecode.c.h; path = UDPushAuthCodeRetrieverAbstract.h; sourceTree = "<group>"; };
		F32D019516A445FA004FC57C /* UDPushAuthCodeRetrieverAbstract.m */ = {isa = PBXFileReference; fileEncoding = 4; lastKnownFileType = sourcecode.c.objc; path = UDPushAuthCodeRetrieverAbstract.m; sourceTree = "<group>"; };
		F32D019616A445FA004FC57C /* UDPushAuthProcessableProtocol.h */ = {isa = PBXFileReference; fileEncoding = 4; lastKnownFileType = sourcecode.c.h; path = UDPushAuthProcessableProtocol.h; sourceTree = "<group>"; };
		F32D019716A445FA004FC57C /* UDPushAuthRequestDelegate.h */ = {isa = PBXFileReference; fileEncoding = 4; lastKnownFileType = sourcecode.c.h; path = UDPushAuthRequestDelegate.h; sourceTree = "<group>"; };
		F32D019816A445FA004FC57C /* UDPushAuthStorageDelegate.h */ = {isa = PBXFileReference; fileEncoding = 4; lastKnownFileType = sourcecode.c.h; path = UDPushAuthStorageDelegate.h; sourceTree = "<group>"; };
		F32D019A16A445FA004FC57C /* UDPushNotificationCenter.h */ = {isa = PBXFileReference; fileEncoding = 4; lastKnownFileType = sourcecode.c.h; path = UDPushNotificationCenter.h; sourceTree = "<group>"; };
		F32D019B16A445FA004FC57C /* UDPushNotificationCenter.m */ = {isa = PBXFileReference; fileEncoding = 4; lastKnownFileType = sourcecode.c.objc; path = UDPushNotificationCenter.m; sourceTree = "<group>"; };
		F32D019C16A445FA004FC57C /* UDPushNotificationCenterAbstract.h */ = {isa = PBXFileReference; fileEncoding = 4; lastKnownFileType = sourcecode.c.h; path = UDPushNotificationCenterAbstract.h; sourceTree = "<group>"; };
		F32D019D16A445FA004FC57C /* UDPushNotificationCenterAbstract.m */ = {isa = PBXFileReference; fileEncoding = 4; lastKnownFileType = sourcecode.c.objc; path = UDPushNotificationCenterAbstract.m; sourceTree = "<group>"; };
		F32D019E16A445FA004FC57C /* UDPushNotificationProcessable.h */ = {isa = PBXFileReference; fileEncoding = 4; lastKnownFileType = sourcecode.c.h; path = UDPushNotificationProcessable.h; sourceTree = "<group>"; };
		F32D019F16A445FA004FC57C /* UDPushNotificationProcessorAbstract.h */ = {isa = PBXFileReference; fileEncoding = 4; lastKnownFileType = sourcecode.c.h; path = UDPushNotificationProcessorAbstract.h; sourceTree = "<group>"; };
		F32D01A016A445FA004FC57C /* UDPushNotificationProcessorAbstract.m */ = {isa = PBXFileReference; fileEncoding = 4; lastKnownFileType = sourcecode.c.objc; path = UDPushNotificationProcessorAbstract.m; sourceTree = "<group>"; };
		F32D01A116A445FA004FC57C /* UDPushObject.h */ = {isa = PBXFileReference; fileEncoding = 4; lastKnownFileType = sourcecode.c.h; path = UDPushObject.h; sourceTree = "<group>"; };
		F32D01A216A445FA004FC57C /* UDPushObject.m */ = {isa = PBXFileReference; fileEncoding = 4; lastKnownFileType = sourcecode.c.objc; path = UDPushObject.m; sourceTree = "<group>"; };
		F32D01B316A4462B004FC57C /* UDAuthTokenRetriever.m */ = {isa = PBXFileReference; fileEncoding = 4; lastKnownFileType = sourcecode.c.objc; path = UDAuthTokenRetriever.m; sourceTree = "<group>"; };
		F32D01B416A4462B004FC57C /* UDOAuthBasicAbstract.m */ = {isa = PBXFileReference; fileEncoding = 4; lastKnownFileType = sourcecode.c.objc; path = UDOAuthBasicAbstract.m; sourceTree = "<group>"; };
		F32D01B516A4462B004FC57C /* UDAuthTokenRetriever.h */ = {isa = PBXFileReference; fileEncoding = 4; lastKnownFileType = sourcecode.c.h; path = UDAuthTokenRetriever.h; sourceTree = "<group>"; };
		F32D01B616A4462B004FC57C /* UDOAuthBasicAbstract.h */ = {isa = PBXFileReference; fileEncoding = 4; lastKnownFileType = sourcecode.c.h; path = UDOAuthBasicAbstract.h; sourceTree = "<group>"; };
		F32D01B716A4462B004FC57C /* UDPushAuthCodeRetriever.h */ = {isa = PBXFileReference; fileEncoding = 4; lastKnownFileType = sourcecode.c.h; path = UDPushAuthCodeRetriever.h; sourceTree = "<group>"; };
		F32D01B816A4462B004FC57C /* UDPushAuthCodeRetriever.m */ = {isa = PBXFileReference; fileEncoding = 4; lastKnownFileType = sourcecode.c.objc; path = UDPushAuthCodeRetriever.m; sourceTree = "<group>"; };
		F32D01B916A4462B004FC57C /* UDPushAuthRequestBasic.h */ = {isa = PBXFileReference; fileEncoding = 4; lastKnownFileType = sourcecode.c.h; path = UDPushAuthRequestBasic.h; sourceTree = "<group>"; };
		F32D01BA16A4462B004FC57C /* UDPushAuthRequestBasic.m */ = {isa = PBXFileReference; fileEncoding = 4; lastKnownFileType = sourcecode.c.objc; path = UDPushAuthRequestBasic.m; sourceTree = "<group>"; };
		F32D01BB16A4462B004FC57C /* UDPushAuthStorageBasic.h */ = {isa = PBXFileReference; fileEncoding = 4; lastKnownFileType = sourcecode.c.h; path = UDPushAuthStorageBasic.h; sourceTree = "<group>"; };
		F32D01BC16A4462B004FC57C /* UDPushAuthStorageBasic.m */ = {isa = PBXFileReference; fileEncoding = 4; lastKnownFileType = sourcecode.c.objc; path = UDPushAuthStorageBasic.m; sourceTree = "<group>"; };
		F32D01BD16A4462B004FC57C /* UDPushNotificationProcessor.h */ = {isa = PBXFileReference; fileEncoding = 4; lastKnownFileType = sourcecode.c.h; path = UDPushNotificationProcessor.h; sourceTree = "<group>"; };
		F32D01BE16A4462B004FC57C /* UDPushNotificationProcessor.m */ = {isa = PBXFileReference; fileEncoding = 4; lastKnownFileType = sourcecode.c.objc; path = UDPushNotificationProcessor.m; sourceTree = "<group>"; };
		F32D01BF16A4462B004FC57C /* UDPushNotificationProcessorBasic.h */ = {isa = PBXFileReference; fileEncoding = 4; lastKnownFileType = sourcecode.c.h; path = UDPushNotificationProcessorBasic.h; sourceTree = "<group>"; };
		F32D01C016A4462B004FC57C /* UDPushNotificationProcessorBasic.m */ = {isa = PBXFileReference; fileEncoding = 4; lastKnownFileType = sourcecode.c.objc; path = UDPushNotificationProcessorBasic.m; sourceTree = "<group>"; };
		F358686316AEB6BD00C1FB81 /* UDOAuthBasic.h */ = {isa = PBXFileReference; fileEncoding = 4; lastKnownFileType = sourcecode.c.h; name = UDOAuthBasic.h; path = pushauth/UDOAuthBasic.h; sourceTree = SOURCE_ROOT; };
		F358686416AEB6C000C1FB81 /* UDOAuthBasic.m */ = {isa = PBXFileReference; fileEncoding = 4; lastKnownFileType = sourcecode.c.objc; name = UDOAuthBasic.m; path = pushauth/UDOAuthBasic.m; sourceTree = SOURCE_ROOT; };
		F35BB06D1642A205003682FA /* pushauth.app */ = {isa = PBXFileReference; explicitFileType = wrapper.application; includeInIndex = 0; path = pushauth.app; sourceTree = BUILT_PRODUCTS_DIR; };
		F35BB0711642A205003682FA /* UIKit.framework */ = {isa = PBXFileReference; includeInIndex = 1; lastKnownFileType = wrapper.framework; name = UIKit.framework; path = System/Library/Frameworks/UIKit.framework; sourceTree = SDKROOT; };
		F35BB0731642A205003682FA /* Foundation.framework */ = {isa = PBXFileReference; includeInIndex = 1; lastKnownFileType = wrapper.framework; name = Foundation.framework; path = System/Library/Frameworks/Foundation.framework; sourceTree = SDKROOT; };
		F35BB0751642A205003682FA /* CoreGraphics.framework */ = {isa = PBXFileReference; includeInIndex = 1; lastKnownFileType = wrapper.framework; name = CoreGraphics.framework; path = System/Library/Frameworks/CoreGraphics.framework; sourceTree = SDKROOT; };
		F35BB0791642A205003682FA /* pushauth-Info.plist */ = {isa = PBXFileReference; lastKnownFileType = text.plist.xml; path = "pushauth-Info.plist"; sourceTree = "<group>"; };
		F35BB07B1642A205003682FA /* en */ = {isa = PBXFileReference; lastKnownFileType = text.plist.strings; name = en; path = en.lproj/InfoPlist.strings; sourceTree = "<group>"; };
		F35BB07D1642A205003682FA /* main.m */ = {isa = PBXFileReference; lastKnownFileType = sourcecode.c.objc; path = main.m; sourceTree = "<group>"; };
		F35BB07F1642A205003682FA /* pushauth-Prefix.pch */ = {isa = PBXFileReference; lastKnownFileType = sourcecode.c.h; path = "pushauth-Prefix.pch"; sourceTree = "<group>"; };
		F35BB0801642A205003682FA /* UDAppDelegate.h */ = {isa = PBXFileReference; lastKnownFileType = sourcecode.c.h; path = UDAppDelegate.h; sourceTree = "<group>"; };
		F35BB0811642A205003682FA /* UDAppDelegate.m */ = {isa = PBXFileReference; lastKnownFileType = sourcecode.c.objc; path = UDAppDelegate.m; sourceTree = "<group>"; };
		F35BB0831642A205003682FA /* Default.png */ = {isa = PBXFileReference; lastKnownFileType = image.png; path = Default.png; sourceTree = "<group>"; };
		F35BB0851642A205003682FA /* Default@2x.png */ = {isa = PBXFileReference; lastKnownFileType = image.png; path = "Default@2x.png"; sourceTree = "<group>"; };
		F35BB0871642A205003682FA /* Default-568h@2x.png */ = {isa = PBXFileReference; lastKnownFileType = image.png; path = "Default-568h@2x.png"; sourceTree = "<group>"; };
		F35BB08A1642A205003682FA /* en */ = {isa = PBXFileReference; lastKnownFileType = file.storyboard; name = en; path = en.lproj/MainStoryboard_iPhone.storyboard; sourceTree = "<group>"; };
		F35BB08D1642A205003682FA /* en */ = {isa = PBXFileReference; lastKnownFileType = file.storyboard; name = en; path = en.lproj/MainStoryboard_iPad.storyboard; sourceTree = "<group>"; };
		F35BB08F1642A206003682FA /* UDViewController.h */ = {isa = PBXFileReference; lastKnownFileType = sourcecode.c.h; path = UDViewController.h; sourceTree = "<group>"; };
		F35BB0901642A206003682FA /* UDViewController.m */ = {isa = PBXFileReference; lastKnownFileType = sourcecode.c.objc; path = UDViewController.m; sourceTree = "<group>"; };
		F35BB0971642A206003682FA /* pushauthTests.octest */ = {isa = PBXFileReference; explicitFileType = wrapper.cfbundle; includeInIndex = 0; path = pushauthTests.octest; sourceTree = BUILT_PRODUCTS_DIR; };
		F35BB0981642A206003682FA /* SenTestingKit.framework */ = {isa = PBXFileReference; lastKnownFileType = wrapper.framework; name = SenTestingKit.framework; path = Library/Frameworks/SenTestingKit.framework; sourceTree = DEVELOPER_DIR; };
		F35BB0A01642A206003682FA /* pushauthTests-Info.plist */ = {isa = PBXFileReference; lastKnownFileType = text.plist.xml; path = "pushauthTests-Info.plist"; sourceTree = "<group>"; };
		F35BB0A21642A206003682FA /* en */ = {isa = PBXFileReference; lastKnownFileType = text.plist.strings; name = en; path = en.lproj/InfoPlist.strings; sourceTree = "<group>"; };
		F35BB0A41642A206003682FA /* pushauthTests.h */ = {isa = PBXFileReference; lastKnownFileType = sourcecode.c.h; path = pushauthTests.h; sourceTree = "<group>"; };
		F35BB0A51642A206003682FA /* pushauthTests.m */ = {isa = PBXFileReference; lastKnownFileType = sourcecode.c.objc; path = pushauthTests.m; sourceTree = "<group>"; };
		F3B0E3D1165CE9290092DE27 /* SystemConfiguration.framework */ = {isa = PBXFileReference; includeInIndex = 1; lastKnownFileType = wrapper.framework; name = SystemConfiguration.framework; path = System/Library/Frameworks/SystemConfiguration.framework; sourceTree = SDKROOT; };
/* End PBXFileReference section */

/* Begin PBXFrameworksBuildPhase section */
		F35BB06A1642A205003682FA /* Frameworks */ = {
			isa = PBXFrameworksBuildPhase;
			buildActionMask = 2147483647;
			files = (
				F3B0E3D2165CE9290092DE27 /* SystemConfiguration.framework in Frameworks */,
				F35BB0721642A205003682FA /* UIKit.framework in Frameworks */,
				F35BB0741642A205003682FA /* Foundation.framework in Frameworks */,
				F35BB0761642A205003682FA /* CoreGraphics.framework in Frameworks */,
				F7C4871A80154E3B90A5DBFD /* libPods.a in Frameworks */,
			);
			runOnlyForDeploymentPostprocessing = 0;
		};
		F35BB0931642A206003682FA /* Frameworks */ = {
			isa = PBXFrameworksBuildPhase;
			buildActionMask = 2147483647;
			files = (
				F35BB0991642A206003682FA /* SenTestingKit.framework in Frameworks */,
				F35BB09A1642A206003682FA /* UIKit.framework in Frameworks */,
				F35BB09B1642A206003682FA /* Foundation.framework in Frameworks */,
			);
			runOnlyForDeploymentPostprocessing = 0;
		};
/* End PBXFrameworksBuildPhase section */

/* Begin PBXGroup section */
		F32D017516A445F9004FC57C /* Classes */ = {
			isa = PBXGroup;
			children = (
				F32D01B616A4462B004FC57C /* UDOAuthBasicAbstract.h */,
				F32D01B416A4462B004FC57C /* UDOAuthBasicAbstract.m */,
				F32D01B516A4462B004FC57C /* UDAuthTokenRetriever.h */,
				F32D01B316A4462B004FC57C /* UDAuthTokenRetriever.m */,
				F32D01B716A4462B004FC57C /* UDPushAuthCodeRetriever.h */,
				F32D01B816A4462B004FC57C /* UDPushAuthCodeRetriever.m */,
				F32D01B916A4462B004FC57C /* UDPushAuthRequestBasic.h */,
				F32D01BA16A4462B004FC57C /* UDPushAuthRequestBasic.m */,
				F32D01BB16A4462B004FC57C /* UDPushAuthStorageBasic.h */,
				F32D01BC16A4462B004FC57C /* UDPushAuthStorageBasic.m */,
				F32D01BD16A4462B004FC57C /* UDPushNotificationProcessor.h */,
				F32D01BE16A4462B004FC57C /* UDPushNotificationProcessor.m */,
				F32D01BF16A4462B004FC57C /* UDPushNotificationProcessorBasic.h */,
				F32D01C016A4462B004FC57C /* UDPushNotificationProcessorBasic.m */,
				F32D018516A445FA004FC57C /* UDAuthTokenRetriever */,
				F32D018D16A445FA004FC57C /* UDPushAuth */,
				F32D019916A445FA004FC57C /* UDPushNotificationCenter */,
				F358686316AEB6BD00C1FB81 /* UDOAuthBasic.h */,
				F358686416AEB6C000C1FB81 /* UDOAuthBasic.m */,
			);
			path = Classes;
			sourceTree = "<group>";
		};
		F32D018516A445FA004FC57C /* UDAuthTokenRetriever */ = {
			isa = PBXGroup;
			children = (
				F32D018616A445FA004FC57C /* UDAuthToken.h */,
				F32D018716A445FA004FC57C /* UDAuthToken.m */,
				F32D018816A445FA004FC57C /* UDAuthTokenProcessable.h */,
				F32D018916A445FA004FC57C /* UDAuthTokenRetrievable.h */,
				F32D018A16A445FA004FC57C /* UDAuthTokenRetrieverAbstract.h */,
				F32D018B16A445FA004FC57C /* UDAuthTokenRetrieverAbstract.m */,
				F32D018C16A445FA004FC57C /* UDTokenRetrieverDelegate.h */,
			);
			path = UDAuthTokenRetriever;
			sourceTree = "<group>";
		};
		F32D018D16A445FA004FC57C /* UDPushAuth */ = {
			isa = PBXGroup;
			children = (
				F32D018E16A445FA004FC57C /* UDAuthCodeRetrieverableProtocol.h */,
				F32D018F16A445FA004FC57C /* UDAuthCodeRetrieverDelegate.h */,
				F32D019016A445FA004FC57C /* UDPushAuthActivationCode.h */,
				F32D019116A445FA004FC57C /* UDPushAuthActivationCode.m */,
				F32D019216A445FA004FC57C /* UDPushAuthClientSecret.h */,
				F32D019316A445FA004FC57C /* UDPushAuthClientSecret.m */,
				F32D019416A445FA004FC57C /* UDPushAuthCodeRetrieverAbstract.h */,
				F32D019516A445FA004FC57C /* UDPushAuthCodeRetrieverAbstract.m */,
				F32D019616A445FA004FC57C /* UDPushAuthProcessableProtocol.h */,
				F32D019716A445FA004FC57C /* UDPushAuthRequestDelegate.h */,
				F32D019816A445FA004FC57C /* UDPushAuthStorageDelegate.h */,
			);
			path = UDPushAuth;
			sourceTree = "<group>";
		};
		F32D019916A445FA004FC57C /* UDPushNotificationCenter */ = {
			isa = PBXGroup;
			children = (
				F32D019A16A445FA004FC57C /* UDPushNotificationCenter.h */,
				F32D019B16A445FA004FC57C /* UDPushNotificationCenter.m */,
				F32D019C16A445FA004FC57C /* UDPushNotificationCenterAbstract.h */,
				F32D019D16A445FA004FC57C /* UDPushNotificationCenterAbstract.m */,
				F32D019E16A445FA004FC57C /* UDPushNotificationProcessable.h */,
				F32D019F16A445FA004FC57C /* UDPushNotificationProcessorAbstract.h */,
				F32D01A016A445FA004FC57C /* UDPushNotificationProcessorAbstract.m */,
				F32D01A116A445FA004FC57C /* UDPushObject.h */,
				F32D01A216A445FA004FC57C /* UDPushObject.m */,
			);
			path = UDPushNotificationCenter;
			sourceTree = "<group>";
		};
		F35BB0621642A205003682FA = {
			isa = PBXGroup;
			children = (
				F35BB0771642A205003682FA /* pushauth */,
				F35BB09E1642A206003682FA /* pushauthTests */,
				F35BB0701642A205003682FA /* Frameworks */,
				F35BB06E1642A205003682FA /* Products */,
				226D4B047B5845D0BD593C04 /* Pods.xcconfig */,
			);
			sourceTree = "<group>";
		};
		F35BB06E1642A205003682FA /* Products */ = {
			isa = PBXGroup;
			children = (
				F35BB06D1642A205003682FA /* pushauth.app */,
				F35BB0971642A206003682FA /* pushauthTests.octest */,
			);
			name = Products;
			sourceTree = "<group>";
		};
		F35BB0701642A205003682FA /* Frameworks */ = {
			isa = PBXGroup;
			children = (
				F3B0E3D1165CE9290092DE27 /* SystemConfiguration.framework */,
				F35BB0711642A205003682FA /* UIKit.framework */,
				F35BB0731642A205003682FA /* Foundation.framework */,
				F35BB0751642A205003682FA /* CoreGraphics.framework */,
				F35BB0981642A206003682FA /* SenTestingKit.framework */,
				4894D763CB404226A721A16B /* libPods.a */,
			);
			name = Frameworks;
			sourceTree = "<group>";
		};
		F35BB0771642A205003682FA /* pushauth */ = {
			isa = PBXGroup;
			children = (
				F32D017516A445F9004FC57C /* Classes */,
				F35BB0801642A205003682FA /* UDAppDelegate.h */,
				F35BB0811642A205003682FA /* UDAppDelegate.m */,
				F35BB0891642A205003682FA /* MainStoryboard_iPhone.storyboard */,
				F35BB08C1642A205003682FA /* MainStoryboard_iPad.storyboard */,
				F35BB08F1642A206003682FA /* UDViewController.h */,
				F35BB0901642A206003682FA /* UDViewController.m */,
				F35BB0781642A205003682FA /* Supporting Files */,
			);
			path = pushauth;
			sourceTree = "<group>";
		};
		F35BB0781642A205003682FA /* Supporting Files */ = {
			isa = PBXGroup;
			children = (
				F35BB0791642A205003682FA /* pushauth-Info.plist */,
				F35BB07A1642A205003682FA /* InfoPlist.strings */,
				F35BB07D1642A205003682FA /* main.m */,
				F35BB07F1642A205003682FA /* pushauth-Prefix.pch */,
				F35BB0831642A205003682FA /* Default.png */,
				F35BB0851642A205003682FA /* Default@2x.png */,
				F35BB0871642A205003682FA /* Default-568h@2x.png */,
			);
			name = "Supporting Files";
			sourceTree = "<group>";
		};
		F35BB09E1642A206003682FA /* pushauthTests */ = {
			isa = PBXGroup;
			children = (
				F35BB0A41642A206003682FA /* pushauthTests.h */,
				F35BB0A51642A206003682FA /* pushauthTests.m */,
				F35BB09F1642A206003682FA /* Supporting Files */,
			);
			path = pushauthTests;
			sourceTree = "<group>";
		};
		F35BB09F1642A206003682FA /* Supporting Files */ = {
			isa = PBXGroup;
			children = (
				F35BB0A01642A206003682FA /* pushauthTests-Info.plist */,
				F35BB0A11642A206003682FA /* InfoPlist.strings */,
			);
			name = "Supporting Files";
			sourceTree = "<group>";
		};
/* End PBXGroup section */

/* Begin PBXNativeTarget section */
		F35BB06C1642A205003682FA /* pushauth */ = {
			isa = PBXNativeTarget;
			buildConfigurationList = F35BB0A91642A206003682FA /* Build configuration list for PBXNativeTarget "pushauth" */;
			buildPhases = (
				F35BB0691642A205003682FA /* Sources */,
				F35BB06A1642A205003682FA /* Frameworks */,
				F35BB06B1642A205003682FA /* Resources */,
				69898D961BDB468984593C3B /* Copy Pods Resources */,
			);
			buildRules = (
			);
			dependencies = (
			);
			name = pushauth;
			productName = pushauth;
			productReference = F35BB06D1642A205003682FA /* pushauth.app */;
			productType = "com.apple.product-type.application";
		};
		F35BB0961642A206003682FA /* pushauthTests */ = {
			isa = PBXNativeTarget;
			buildConfigurationList = F35BB0AC1642A206003682FA /* Build configuration list for PBXNativeTarget "pushauthTests" */;
			buildPhases = (
				F35BB0921642A206003682FA /* Sources */,
				F35BB0931642A206003682FA /* Frameworks */,
				F35BB0941642A206003682FA /* Resources */,
				F35BB0951642A206003682FA /* ShellScript */,
			);
			buildRules = (
			);
			dependencies = (
				F35BB09D1642A206003682FA /* PBXTargetDependency */,
			);
			name = pushauthTests;
			productName = pushauthTests;
			productReference = F35BB0971642A206003682FA /* pushauthTests.octest */;
			productType = "com.apple.product-type.bundle";
		};
/* End PBXNativeTarget section */

/* Begin PBXProject section */
		F35BB0641642A205003682FA /* Project object */ = {
			isa = PBXProject;
			attributes = {
				CLASSPREFIX = UD;
				LastUpgradeCheck = 0450;
				ORGANIZATIONNAME = unact;
			};
			buildConfigurationList = F35BB0671642A205003682FA /* Build configuration list for PBXProject "pushauth" */;
			compatibilityVersion = "Xcode 3.2";
			developmentRegion = English;
			hasScannedForEncodings = 0;
			knownRegions = (
				en,
			);
			mainGroup = F35BB0621642A205003682FA;
			productRefGroup = F35BB06E1642A205003682FA /* Products */;
			projectDirPath = "";
			projectRoot = "";
			targets = (
				F35BB06C1642A205003682FA /* pushauth */,
				F35BB0961642A206003682FA /* pushauthTests */,
			);
		};
/* End PBXProject section */

/* Begin PBXResourcesBuildPhase section */
		F35BB06B1642A205003682FA /* Resources */ = {
			isa = PBXResourcesBuildPhase;
			buildActionMask = 2147483647;
			files = (
				F35BB07C1642A205003682FA /* InfoPlist.strings in Resources */,
				F35BB0841642A205003682FA /* Default.png in Resources */,
				F35BB0861642A205003682FA /* Default@2x.png in Resources */,
				F35BB0881642A205003682FA /* Default-568h@2x.png in Resources */,
				F35BB08B1642A205003682FA /* MainStoryboard_iPhone.storyboard in Resources */,
				F35BB08E1642A205003682FA /* MainStoryboard_iPad.storyboard in Resources */,
			);
			runOnlyForDeploymentPostprocessing = 0;
		};
		F35BB0941642A206003682FA /* Resources */ = {
			isa = PBXResourcesBuildPhase;
			buildActionMask = 2147483647;
			files = (
				F35BB0A31642A206003682FA /* InfoPlist.strings in Resources */,
			);
			runOnlyForDeploymentPostprocessing = 0;
		};
/* End PBXResourcesBuildPhase section */

/* Begin PBXShellScriptBuildPhase section */
		69898D961BDB468984593C3B /* Copy Pods Resources */ = {
			isa = PBXShellScriptBuildPhase;
			buildActionMask = 2147483647;
			files = (
			);
			inputPaths = (
			);
			name = "Copy Pods Resources";
			outputPaths = (
			);
			runOnlyForDeploymentPostprocessing = 0;
			shellPath = /bin/sh;
			shellScript = "\"${SRCROOT}/Pods/Pods-resources.sh\"\n";
		};
		F35BB0951642A206003682FA /* ShellScript */ = {
			isa = PBXShellScriptBuildPhase;
			buildActionMask = 2147483647;
			files = (
			);
			inputPaths = (
			);
			outputPaths = (
			);
			runOnlyForDeploymentPostprocessing = 0;
			shellPath = /bin/sh;
			shellScript = "# Run the unit tests in this test bundle.\n\"${SYSTEM_DEVELOPER_DIR}/Tools/RunUnitTests\"\n";
		};
/* End PBXShellScriptBuildPhase section */

/* Begin PBXSourcesBuildPhase section */
		F35BB0691642A205003682FA /* Sources */ = {
			isa = PBXSourcesBuildPhase;
			buildActionMask = 2147483647;
			files = (
				F35BB07E1642A205003682FA /* main.m in Sources */,
				F35BB0821642A205003682FA /* UDAppDelegate.m in Sources */,
				F35BB0911642A206003682FA /* UDViewController.m in Sources */,
				F32D01AA16A445FA004FC57C /* UDAuthToken.m in Sources */,
				F32D01AB16A445FA004FC57C /* UDAuthTokenRetrieverAbstract.m in Sources */,
				F32D01AC16A445FA004FC57C /* UDPushAuthActivationCode.m in Sources */,
				F32D01AD16A445FA004FC57C /* UDPushAuthClientSecret.m in Sources */,
				F32D01AE16A445FA004FC57C /* UDPushAuthCodeRetrieverAbstract.m in Sources */,
				F32D01AF16A445FA004FC57C /* UDPushNotificationCenter.m in Sources */,
				F32D01B016A445FA004FC57C /* UDPushNotificationCenterAbstract.m in Sources */,
				F32D01B116A445FA004FC57C /* UDPushNotificationProcessorAbstract.m in Sources */,
				F32D01B216A445FA004FC57C /* UDPushObject.m in Sources */,
				F32D01C116A4462B004FC57C /* UDAuthTokenRetriever.m in Sources */,
				F32D01C216A4462B004FC57C /* UDOAuthBasicAbstract.m in Sources */,
				F32D01C316A4462B004FC57C /* UDPushAuthCodeRetriever.m in Sources */,
				F32D01C416A4462B004FC57C /* UDPushAuthRequestBasic.m in Sources */,
				F32D01C516A4462B004FC57C /* UDPushAuthStorageBasic.m in Sources */,
				F32D01C616A4462B004FC57C /* UDPushNotificationProcessor.m in Sources */,
				F32D01C716A4462B004FC57C /* UDPushNotificationProcessorBasic.m in Sources */,
				F358686516AEB6C300C1FB81 /* UDOAuthBasic.m in Sources */,
			);
			runOnlyForDeploymentPostprocessing = 0;
		};
		F35BB0921642A206003682FA /* Sources */ = {
			isa = PBXSourcesBuildPhase;
			buildActionMask = 2147483647;
			files = (
				F35BB0A61642A206003682FA /* pushauthTests.m in Sources */,
			);
			runOnlyForDeploymentPostprocessing = 0;
		};
/* End PBXSourcesBuildPhase section */

/* Begin PBXTargetDependency section */
		F35BB09D1642A206003682FA /* PBXTargetDependency */ = {
			isa = PBXTargetDependency;
			target = F35BB06C1642A205003682FA /* pushauth */;
			targetProxy = F35BB09C1642A206003682FA /* PBXContainerItemProxy */;
		};
/* End PBXTargetDependency section */

/* Begin PBXVariantGroup section */
		F35BB07A1642A205003682FA /* InfoPlist.strings */ = {
			isa = PBXVariantGroup;
			children = (
				F35BB07B1642A205003682FA /* en */,
			);
			name = InfoPlist.strings;
			sourceTree = "<group>";
		};
		F35BB0891642A205003682FA /* MainStoryboard_iPhone.storyboard */ = {
			isa = PBXVariantGroup;
			children = (
				F35BB08A1642A205003682FA /* en */,
			);
			name = MainStoryboard_iPhone.storyboard;
			sourceTree = "<group>";
		};
		F35BB08C1642A205003682FA /* MainStoryboard_iPad.storyboard */ = {
			isa = PBXVariantGroup;
			children = (
				F35BB08D1642A205003682FA /* en */,
			);
			name = MainStoryboard_iPad.storyboard;
			sourceTree = "<group>";
		};
		F35BB0A11642A206003682FA /* InfoPlist.strings */ = {
			isa = PBXVariantGroup;
			children = (
				F35BB0A21642A206003682FA /* en */,
			);
			name = InfoPlist.strings;
			sourceTree = "<group>";
		};
/* End PBXVariantGroup section */

/* Begin XCBuildConfiguration section */
		F35BB0A71642A206003682FA /* Debug */ = {
			isa = XCBuildConfiguration;
			buildSettings = {
				ALWAYS_SEARCH_USER_PATHS = NO;
				CLANG_CXX_LANGUAGE_STANDARD = "gnu++0x";
				CLANG_CXX_LIBRARY = "libc++";
				CLANG_ENABLE_OBJC_ARC = YES;
				CLANG_WARN_EMPTY_BODY = YES;
				CLANG_WARN__DUPLICATE_METHOD_MATCH = YES;
				CODE_SIGN_IDENTITY = "iPhone Developer: Vladislav Kovtash (YTS59LUC4B)";
				"CODE_SIGN_IDENTITY[sdk=iphoneos*]" = "iPhone Developer: Vladislav Kovtash (YTS59LUC4B)";
				COPY_PHASE_STRIP = NO;
				GCC_C_LANGUAGE_STANDARD = gnu99;
				GCC_DYNAMIC_NO_PIC = NO;
				GCC_OPTIMIZATION_LEVEL = 0;
				GCC_PREPROCESSOR_DEFINITIONS = (
					"DEBUG=1",
					"$(inherited)",
				);
				GCC_SYMBOLS_PRIVATE_EXTERN = NO;
				GCC_WARN_ABOUT_RETURN_TYPE = YES;
				GCC_WARN_UNINITIALIZED_AUTOS = YES;
				GCC_WARN_UNUSED_VARIABLE = YES;
				HEADER_SEARCH_PATHS = "$(SDKROOT)/usr/include/libxml2";
				IPHONEOS_DEPLOYMENT_TARGET = 6.0;
				PROVISIONING_PROFILE = "0A203E31-B9AA-4366-927E-C2EB6D03C00C";
				"PROVISIONING_PROFILE[sdk=iphoneos*]" = "0A203E31-B9AA-4366-927E-C2EB6D03C00C";
				SDKROOT = iphoneos;
				TARGETED_DEVICE_FAMILY = "1,2";
			};
			name = Debug;
		};
		F35BB0A81642A206003682FA /* Release */ = {
			isa = XCBuildConfiguration;
			buildSettings = {
				ALWAYS_SEARCH_USER_PATHS = NO;
				CLANG_CXX_LANGUAGE_STANDARD = "gnu++0x";
				CLANG_CXX_LIBRARY = "libc++";
				CLANG_ENABLE_OBJC_ARC = YES;
				CLANG_WARN_EMPTY_BODY = YES;
				CLANG_WARN__DUPLICATE_METHOD_MATCH = YES;
				CODE_SIGN_IDENTITY = "iPhone Developer: Vladislav Kovtash (YTS59LUC4B)";
				"CODE_SIGN_IDENTITY[sdk=iphoneos*]" = "iPhone Developer: Vladislav Kovtash (YTS59LUC4B)";
				COPY_PHASE_STRIP = YES;
				GCC_C_LANGUAGE_STANDARD = gnu99;
				GCC_WARN_ABOUT_RETURN_TYPE = YES;
				GCC_WARN_UNINITIALIZED_AUTOS = YES;
				GCC_WARN_UNUSED_VARIABLE = YES;
				HEADER_SEARCH_PATHS = "$(SDKROOT)/usr/include/libxml2";
				IPHONEOS_DEPLOYMENT_TARGET = 6.0;
				OTHER_CFLAGS = "-DNS_BLOCK_ASSERTIONS=1";
				PROVISIONING_PROFILE = "0A203E31-B9AA-4366-927E-C2EB6D03C00C";
				"PROVISIONING_PROFILE[sdk=iphoneos*]" = "0A203E31-B9AA-4366-927E-C2EB6D03C00C";
				SDKROOT = iphoneos;
				TARGETED_DEVICE_FAMILY = "1,2";
				VALIDATE_PRODUCT = YES;
			};
			name = Release;
		};
		F35BB0AA1642A206003682FA /* Debug */ = {
			isa = XCBuildConfiguration;
			baseConfigurationReference = 226D4B047B5845D0BD593C04 /* Pods.xcconfig */;
			buildSettings = {
				GCC_PRECOMPILE_PREFIX_HEADER = YES;
				GCC_PREFIX_HEADER = "pushauth/pushauth-Prefix.pch";
				INFOPLIST_FILE = "pushauth/pushauth-Info.plist";
				OTHER_LDFLAGS = "-lxml2";
				PRODUCT_NAME = "$(TARGET_NAME)";
				WRAPPER_EXTENSION = app;
			};
			name = Debug;
		};
		F35BB0AB1642A206003682FA /* Release */ = {
			isa = XCBuildConfiguration;
			baseConfigurationReference = 226D4B047B5845D0BD593C04 /* Pods.xcconfig */;
			buildSettings = {
				GCC_PRECOMPILE_PREFIX_HEADER = YES;
				GCC_PREFIX_HEADER = "pushauth/pushauth-Prefix.pch";
				INFOPLIST_FILE = "pushauth/pushauth-Info.plist";
				OTHER_LDFLAGS = "-lxml2";
				PRODUCT_NAME = "$(TARGET_NAME)";
				WRAPPER_EXTENSION = app;
			};
			name = Release;
		};
		F35BB0AD1642A206003682FA /* Debug */ = {
			isa = XCBuildConfiguration;
			buildSettings = {
				BUNDLE_LOADER = "$(BUILT_PRODUCTS_DIR)/pushauth.app/pushauth";
				FRAMEWORK_SEARCH_PATHS = (
					"\"$(SDKROOT)/Developer/Library/Frameworks\"",
					"\"$(DEVELOPER_LIBRARY_DIR)/Frameworks\"",
				);
				GCC_PRECOMPILE_PREFIX_HEADER = YES;
				GCC_PREFIX_HEADER = "pushauth/pushauth-Prefix.pch";
				INFOPLIST_FILE = "pushauthTests/pushauthTests-Info.plist";
				PRODUCT_NAME = "$(TARGET_NAME)";
				TEST_HOST = "$(BUNDLE_LOADER)";
				WRAPPER_EXTENSION = octest;
			};
			name = Debug;
		};
		F35BB0AE1642A206003682FA /* Release */ = {
			isa = XCBuildConfiguration;
			buildSettings = {
				BUNDLE_LOADER = "$(BUILT_PRODUCTS_DIR)/pushauth.app/pushauth";
				FRAMEWORK_SEARCH_PATHS = (
					"\"$(SDKROOT)/Developer/Library/Frameworks\"",
					"\"$(DEVELOPER_LIBRARY_DIR)/Frameworks\"",
				);
				GCC_PRECOMPILE_PREFIX_HEADER = YES;
				GCC_PREFIX_HEADER = "pushauth/pushauth-Prefix.pch";
				INFOPLIST_FILE = "pushauthTests/pushauthTests-Info.plist";
				PRODUCT_NAME = "$(TARGET_NAME)";
				TEST_HOST = "$(BUNDLE_LOADER)";
				WRAPPER_EXTENSION = octest;
			};
			name = Release;
		};
/* End XCBuildConfiguration section */

/* Begin XCConfigurationList section */
		F35BB0671642A205003682FA /* Build configuration list for PBXProject "pushauth" */ = {
			isa = XCConfigurationList;
			buildConfigurations = (
				F35BB0A71642A206003682FA /* Debug */,
				F35BB0A81642A206003682FA /* Release */,
			);
			defaultConfigurationIsVisible = 0;
			defaultConfigurationName = Release;
		};
		F35BB0A91642A206003682FA /* Build configuration list for PBXNativeTarget "pushauth" */ = {
			isa = XCConfigurationList;
			buildConfigurations = (
				F35BB0AA1642A206003682FA /* Debug */,
				F35BB0AB1642A206003682FA /* Release */,
			);
			defaultConfigurationIsVisible = 0;
			defaultConfigurationName = Release;
		};
		F35BB0AC1642A206003682FA /* Build configuration list for PBXNativeTarget "pushauthTests" */ = {
			isa = XCConfigurationList;
			buildConfigurations = (
				F35BB0AD1642A206003682FA /* Debug */,
				F35BB0AE1642A206003682FA /* Release */,
			);
			defaultConfigurationIsVisible = 0;
			defaultConfigurationName = Release;
		};
/* End XCConfigurationList section */
	};
	rootObject = F35BB0641642A205003682FA /* Project object */;
}
